# This file was autogenerated by uv via the following command:
#    uv pip compile pyproject.toml --extra dev --universal --output-file requirements.lock
black==24.4.2
    # via trip-planner (pyproject.toml)
colorama==0.4.6 ; sys_platform == 'win32'
    # via pytest
coverage==7.5.4
    # via pytest-cov
iniconfig==2.0.0
    # via pytest
mypy==1.10.0
    # via trip-planner (pyproject.toml)
mypy-extensions==1.1.0
    # via mypy
packaging==24.1
    # via pytest
pathspec==0.12.1
    # via mypy
pluggy==1.5.0
    # via
    #   pytest
    #   pytest-cov
pygments==2.18.0
    # via pytest
pytest==8.2.2
    # via
    #   trip-planner (pyproject.toml)
    #   pytest-cov
pytest-cov==5.0.0
    # via trip-planner (pyproject.toml)
ruff==0.4.8
    # via trip-planner (pyproject.toml)
typing-extensions==4.12.2
    # via mypy
